
Microsoft Visual Studio Solution File, Format Version 12.00
# Visual Studio 15
VisualStudioVersion = 15.0.28307.902
MinimumVisualStudioVersion = 10.0.40219.1
Project("{888888A0-9F3D-457C-B088-3A5042F75D52}") = "DeepLearning", "DeepLearning\DeepLearning.pyproj", "{1D4C1C23-97F7-4C32-B75F-004E9A8AA6C8}"
EndProject
Global
	GlobalSection(SolutionConfigurationPlatforms) = preSolution
		Debug|Any CPU = Debug|Any CPU
		Release|Any CPU = Release|Any CPU
	EndGlobalSection
	GlobalSection(ProjectConfigurationPlatforms) = postSolution
		{1D4C1C23-97F7-4C32-B75F-004E9A8AA6C8}.Debug|Any CPU.ActiveCfg = Debug|Any CPU
		{1D4C1C23-97F7-4C32-B75F-004E9A8AA6C8}.Release|Any CPU.ActiveCfg = Release|Any CPU
	EndGlobalSection
	GlobalSection(SolutionProperties) = preSolution
		HideSolutionNode = FALSE
	EndGlobalSection
	GlobalSection(ExtensibilityGlobals) = postSolution
		SolutionGuid = {6398E563-9DEF-46FC-AD9A-95006461CC6E}
	EndGlobalSection
EndGlobal
